
Microsoft Visual Studio Solution File, Format Version 12.00
# Visual Studio Version 17
VisualStudioVersion = 17.5.33516.290
MinimumVisualStudioVersion = 10.0.40219.1
Project("{FAE04EC0-301F-11D3-BF4B-00C04F79EFBC}") = "TrainStationManagement", "TrainStationManagement\TrainStationManagement.csproj", "{80367D66-54CC-48B3-A1AF-8D3225E7CF91}"
EndProject
Global
	GlobalSection(SolutionConfigurationPlatforms) = preSolution
		Debug|Any CPU = Debug|Any CPU
		Release|Any CPU = Release|Any CPU
	EndGlobalSection
	GlobalSection(ProjectConfigurationPlatforms) = postSolution
		{80367D66-54CC-48B3-A1AF-8D3225E7CF91}.Debug|Any CPU.ActiveCfg = Debug|Any CPU
		{80367D66-54CC-48B3-A1AF-8D3225E7CF91}.Debug|Any CPU.Build.0 = Debug|Any CPU
		{80367D66-54CC-48B3-A1AF-8D3225E7CF91}.Release|Any CPU.ActiveCfg = Release|Any CPU
		{80367D66-54CC-48B3-A1AF-8D3225E7CF91}.Release|Any CPU.Build.0 = Release|Any CPU
	EndGlobalSection
	GlobalSection(SolutionProperties) = preSolution
		HideSolutionNode = FALSE
	EndGlobalSection
	GlobalSection(ExtensibilityGlobals) = postSolution
		SolutionGuid = {220B8AFD-1986-43F1-A84F-B2FD92499869}
	EndGlobalSection
EndGlobal
